
Microsoft Visual Studio Solution File, Format Version 12.00
# Visual Studio Version 16
VisualStudioVersion = 16.0.30517.126
MinimumVisualStudioVersion = 10.0.40219.1
Project("{8BC9CEB8-8B4A-11D0-8D11-00A0C91BC942}") = "escaperoom", "escaperoom.vcxproj", "{98246E9F-9DA9-445A-BB96-789B4EE852D0}"
EndProject
Global
	GlobalSection(SolutionConfigurationPlatforms) = preSolution
		Debug|x64 = Debug|x64
		Debug|x86 = Debug|x86
		Release|x64 = Release|x64
		Release|x86 = Release|x86
	EndGlobalSection
	GlobalSection(ProjectConfigurationPlatforms) = postSolution
		{98246E9F-9DA9-445A-BB96-789B4EE852D0}.Debug|x64.ActiveCfg = Debug|x64
		{98246E9F-9DA9-445A-BB96-789B4EE852D0}.Debug|x64.Build.0 = Debug|x64
		{98246E9F-9DA9-445A-BB96-789B4EE852D0}.Debug|x86.ActiveCfg = Debug|Win32
		{98246E9F-9DA9-445A-BB96-789B4EE852D0}.Debug|x86.Build.0 = Debug|Win32
		{98246E9F-9DA9-445A-BB96-789B4EE852D0}.Release|x64.ActiveCfg = Release|x64
		{98246E9F-9DA9-445A-BB96-789B4EE852D0}.Release|x64.Build.0 = Release|x64
		{98246E9F-9DA9-445A-BB96-789B4EE852D0}.Release|x86.ActiveCfg = Release|Win32
		{98246E9F-9DA9-445A-BB96-789B4EE852D0}.Release|x86.Build.0 = Release|Win32
	EndGlobalSection
	GlobalSection(SolutionProperties) = preSolution
		HideSolutionNode = FALSE
	EndGlobalSection
	GlobalSection(ExtensibilityGlobals) = postSolution
		SolutionGuid = {87E431F2-EFC8-47B5-A8C3-CDE69ED01046}
	EndGlobalSection
EndGlobal
